PODS:
  - Flutter (1.0.0)
  - Giphy (2.1.20):
    - libwebp
  - jitsi_meet_wrapper (0.0.1):
    - Flutter
    - JitsiMeetSDK (= 6.0.0)
  - JitsiMeetSDK (6.0.0):
    - Giphy (= 2.1.20)
    - JitsiWebRTC (= 100.0.0)
  - JitsiWebRTC (100.0.0)
  - libwebp (1.2.1):
    - libwebp/demux (= 1.2.1)
    - libwebp/mux (= 1.2.1)
    - libwebp/webp (= 1.2.1)
  - libwebp/demux (1.2.1):
    - libwebp/webp
  - libwebp/mux (1.2.1):
    - libwebp/demux
  - libwebp/webp (1.2.1)

DEPENDENCIES:
  - Flutter (from `Flutter`)
  - jitsi_meet_wrapper (from `.symlinks/plugins/jitsi_meet_wrapper/ios`)

SPEC REPOS:
  trunk:
    - Giphy
    - JitsiMeetSDK
    - JitsiWebRTC
    - libwebp

EXTERNAL SOURCES:
  Flutter:
    :path: Flutter
  jitsi_meet_wrapper:
    :path: ".symlinks/plugins/jitsi_meet_wrapper/ios"

SPEC CHECKSUMS:
  Flutter: 50d75fe2f02b26cc09d224853bb45737f8b3214a
  Giphy: b6d5087521d251bb8c99cdc0eb07bbdf86d142d5
  jitsi_meet_wrapper: 983ba055181032868fdeb1a8b402aa9326e5f28a
  JitsiMeetSDK: eb005a7fdc61cd8ec0144dacef9a85738808bd6c
  JitsiWebRTC: 873becc5a3edd1adebe86303ee5d36aab4f7fcc3
  libwebp: 98a37e597e40bfdb4c911fc98f2c53d0b12d05fc

PODFILE CHECKSUM: 816b008b6353631c9f1ba1db96a33591d278e419

COCOAPODS: 1.11.2
